// !$*UTF8*$!
{
	archiveVersion = 1;
	classes = {
	};
	objectVersion = 77;
	objects = {

/* Begin PBXBuildFile section */
		7A779E592E9B069C00A1DFC7 /* fastvithd.mlpackage in Sources */ = {isa = PBXBuildFile; fileRef = 7A779E582E9B069C00A1DFC7 /* fastvithd.mlpackage */; };
		7A7F08CD2F08CAD3002151A8 /* MLX in Frameworks */ = {isa = PBXBuildFile; productRef = 7A7F08CC2F08CAD3002151A8 /* MLX */; };
		7A7F08CF2F08CAD3002151A8 /* MLXNN in Frameworks */ = {isa = PBXBuildFile; productRef = 7A7F08CE2F08CAD3002151A8 /* MLXNN */; };
		7A7F08D12F08CAD3002151A8 /* MLXRandom in Frameworks */ = {isa = PBXBuildFile; productRef = 7A7F08D02F08CAD3002151A8 /* MLXRandom */; };
		7AC0347B2F2E8EAA009A9DA4 /* model.safetensors in Resources */ = {isa = PBXBuildFile; fileRef = 7AC034762F2E8EAA009A9DA4 /* model.safetensors */; };
		7AC0347C2F2E8EAA009A9DA4 /* vocab.json in Resources */ = {isa = PBXBuildFile; fileRef = 7AC0347A2F2E8EAA009A9DA4 /* vocab.json */; };
		7AC0347D2F2E8EAA009A9DA4 /* added_tokens.json in Resources */ = {isa = PBXBuildFile; fileRef = 7AC034732F2E8EAA009A9DA4 /* added_tokens.json */; };
		7AC0347E2F2E8EAA009A9DA4 /* merges.txt in Resources */ = {isa = PBXBuildFile; fileRef = 7AC034752F2E8EAA009A9DA4 /* merges.txt */; };
		7AC0347F2F2E8EAA009A9DA4 /* tokenizer.json in Resources */ = {isa = PBXBuildFile; fileRef = 7AC034782F2E8EAA009A9DA4 /* tokenizer.json */; };
		7AC034802F2E8EAA009A9DA4 /* config.json in Resources */ = {isa = PBXBuildFile; fileRef = 7AC034742F2E8EAA009A9DA4 /* config.json */; };
		7AC034812F2E8EAA009A9DA4 /* tokenizer_config.json in Resources */ = {isa = PBXBuildFile; fileRef = 7AC034792F2E8EAA009A9DA4 /* tokenizer_config.json */; };
		7AC034822F2E8EAA009A9DA4 /* special_tokens_map.json in Resources */ = {isa = PBXBuildFile; fileRef = 7AC034772F2E8EAA009A9DA4 /* special_tokens_map.json */; };
/* End PBXBuildFile section */

/* Begin PBXContainerItemProxy section */
		7A779E252E9AE7E600A1DFC7 /* PBXContainerItemProxy */ = {
			isa = PBXContainerItemProxy;
			containerPortal = 7A779E0C2E9AE7E500A1DFC7 /* Project object */;
			proxyType = 1;
			remoteGlobalIDString = 7A779E132E9AE7E500A1DFC7;
			remoteInfo = Cortex;
		};
		7A779E2F2E9AE7E600A1DFC7 /* PBXContainerItemProxy */ = {
			isa = PBXContainerItemProxy;
			containerPortal = 7A779E0C2E9AE7E500A1DFC7 /* Project object */;
			proxyType = 1;
			remoteGlobalIDString = 7A779E132E9AE7E500A1DFC7;
			remoteInfo = Cortex;
		};
/* End PBXContainerItemProxy section */

/* Begin PBXFileReference section */
		7A779E142E9AE7E500A1DFC7 /* Cortex.app */ = {isa = PBXFileReference; explicitFileType = wrapper.application; includeInIndex = 0; path = Cortex.app; sourceTree = BUILT_PRODUCTS_DIR; };
		7A779E242E9AE7E600A1DFC7 /* CortexTests.xctest */ = {isa = PBXFileReference; explicitFileType = wrapper.cfbundle; includeInIndex = 0; path = CortexTests.xctest; sourceTree = BUILT_PRODUCTS_DIR; };
		7A779E2E2E9AE7E600A1DFC7 /* CortexUITests.xctest */ = {isa = PBXFileReference; explicitFileType = wrapper.cfbundle; includeInIndex = 0; path = CortexUITests.xctest; sourceTree = BUILT_PRODUCTS_DIR; };
		7A779E582E9B069C00A1DFC7 /* fastvithd.mlpackage */ = {isa = PBXFileReference; lastKnownFileType = folder.mlpackage; path = fastvithd.mlpackage; sourceTree = "<group>"; };
		7AC034732F2E8EAA009A9DA4 /* added_tokens.json */ = {isa = PBXFileReference; lastKnownFileType = text.json; path = added_tokens.json; sourceTree = "<group>"; };
		7AC034742F2E8EAA009A9DA4 /* config.json */ = {isa = PBXFileReference; lastKnownFileType = text.json; path = config.json; sourceTree = "<group>"; };
		7AC034752F2E8EAA009A9DA4 /* merges.txt */ = {isa = PBXFileReference; lastKnownFileType = text; path = merges.txt; sourceTree = "<group>"; };
		7AC034762F2E8EAA009A9DA4 /* model.safetensors */ = {isa = PBXFileReference; lastKnownFileType = file; path = model.safetensors; sourceTree = "<group>"; };
		7AC034772F2E8EAA009A9DA4 /* special_tokens_map.json */ = {isa = PBXFileReference; lastKnownFileType = text.json; path = special_tokens_map.json; sourceTree = "<group>"; };
		7AC034782F2E8EAA009A9DA4 /* tokenizer.json */ = {isa = PBXFileReference; lastKnownFileType = text.json; path = tokenizer.json; sourceTree = "<group>"; };
		7AC034792F2E8EAA009A9DA4 /* tokenizer_config.json */ = {isa = PBXFileReference; lastKnownFileType = text.json; path = tokenizer_config.json; sourceTree = "<group>"; };
		7AC0347A2F2E8EAA009A9DA4 /* vocab.json */ = {isa = PBXFileReference; lastKnownFileType = text.json; path = vocab.json; sourceTree = "<group>"; };
/* End PBXFileReference section */

/* Begin PBXFileSystemSynchronizedRootGroup section */
		7A779E162E9AE7E500A1DFC7 /* Cortex */ = {
			isa = PBXFileSystemSynchronizedRootGroup;
			path = Cortex;
			sourceTree = "<group>";
		};
		7A779E272E9AE7E600A1DFC7 /* CortexTests */ = {
			isa = PBXFileSystemSynchronizedRootGroup;
			path = CortexTests;
			sourceTree = "<group>";
		};
		7A779E312E9AE7E600A1DFC7 /* CortexUITests */ = {
			isa = PBXFileSystemSynchronizedRootGroup;
			path = CortexUITests;
			sourceTree = "<group>";
		};
/* End PBXFileSystemSynchronizedRootGroup section */

/* Begin PBXFrameworksBuildPhase section */
		7A779E112E9AE7E500A1DFC7 /* Frameworks */ = {
			isa = PBXFrameworksBuildPhase;
			buildActionMask = 2147483647;
			files = (
				7A7F08CF2F08CAD3002151A8 /* MLXNN in Frameworks */,
				7A7F08D12F08CAD3002151A8 /* MLXRandom in Frameworks */,
				7A7F08CD2F08CAD3002151A8 /* MLX in Frameworks */,
			);
			runOnlyForDeploymentPostprocessing = 0;
		};
		7A779E212E9AE7E600A1DFC7 /* Frameworks */ = {
			isa = PBXFrameworksBuildPhase;
			buildActionMask = 2147483647;
			files = (
			);
			runOnlyForDeploymentPostprocessing = 0;
		};
		7A779E2B2E9AE7E600A1DFC7 /* Frameworks */ = {
			isa = PBXFrameworksBuildPhase;
			buildActionMask = 2147483647;
			files = (
			);
			runOnlyForDeploymentPostprocessing = 0;
		};
/* End PBXFrameworksBuildPhase section */

/* Begin PBXGroup section */
		7A779E0B2E9AE7E500A1DFC7 = {
			isa = PBXGroup;
			children = (
				7A779E162E9AE7E500A1DFC7 /* Cortex */,
				7A779E272E9AE7E600A1DFC7 /* CortexTests */,
				7A779E312E9AE7E600A1DFC7 /* CortexUITests */,
				7A779E152E9AE7E500A1DFC7 /* Products */,
				7A779E582E9B069C00A1DFC7 /* fastvithd.mlpackage */,
				7AC034732F2E8EAA009A9DA4 /* added_tokens.json */,
				7AC034742F2E8EAA009A9DA4 /* config.json */,
				7AC034752F2E8EAA009A9DA4 /* merges.txt */,
				7AC034762F2E8EAA009A9DA4 /* model.safetensors */,
				7AC034772F2E8EAA009A9DA4 /* special_tokens_map.json */,
				7AC034782F2E8EAA009A9DA4 /* tokenizer.json */,
				7AC034792F2E8EAA009A9DA4 /* tokenizer_config.json */,
				7AC0347A2F2E8EAA009A9DA4 /* vocab.json */,
			);
			sourceTree = "<group>";
		};
		7A779E152E9AE7E500A1DFC7 /* Products */ = {
			isa = PBXGroup;
			children = (
				7A779E142E9AE7E500A1DFC7 /* Cortex.app */,
				7A779E242E9AE7E600A1DFC7 /* CortexTests.xctest */,
				7A779E2E2E9AE7E600A1DFC7 /* CortexUITests.xctest */,
			);
			name = Products;
			sourceTree = "<group>";
		};
/* End PBXGroup section */

/* Begin PBXNativeTarget section */
		7A779E132E9AE7E500A1DFC7 /* Cortex */ = {
			isa = PBXNativeTarget;
			buildConfigurationList = 7A779E382E9AE7E600A1DFC7 /* Build configuration list for PBXNativeTarget "Cortex" */;
			buildPhases = (
				7A779E102E9AE7E500A1DFC7 /* Sources */,
				7A779E112E9AE7E500A1DFC7 /* Frameworks */,
				7A779E122E9AE7E500A1DFC7 /* Resources */,
			);
			buildRules = (
			);
			dependencies = (
			);
			fileSystemSynchronizedGroups = (
				7A779E162E9AE7E500A1DFC7 /* Cortex */,
			);
			name = Cortex;
			packageProductDependencies = (
				7A7F08CC2F08CAD3002151A8 /* MLX */,
				7A7F08CE2F08CAD3002151A8 /* MLXNN */,
				7A7F08D02F08CAD3002151A8 /* MLXRandom */,
			);
			productName = Cortex;
			productReference = 7A779E142E9AE7E500A1DFC7 /* Cortex.app */;
			productType = "com.apple.product-type.application";
		};
		7A779E232E9AE7E600A1DFC7 /* CortexTests */ = {
			isa = PBXNativeTarget;
			buildConfigurationList = 7A779E3B2E9AE7E600A1DFC7 /* Build configuration list for PBXNativeTarget "CortexTests" */;
			buildPhases = (
				7A779E202E9AE7E600A1DFC7 /* Sources */,
				7A779E212E9AE7E600A1DFC7 /* Frameworks */,
				7A779E222E9AE7E600A1DFC7 /* Resources */,
			);
			buildRules = (
			);
			dependencies = (
				7A779E262E9AE7E600A1DFC7 /* PBXTargetDependency */,
			);
			fileSystemSynchronizedGroups = (
				7A779E272E9AE7E600A1DFC7 /* CortexTests */,
			);
			name = CortexTests;
			packageProductDependencies = (
			);
			productName = CortexTests;
			productReference = 7A779E242E9AE7E600A1DFC7 /* CortexTests.xctest */;
			productType = "com.apple.product-type.bundle.unit-test";
		};
		7A779E2D2E9AE7E600A1DFC7 /* CortexUITests */ = {
			isa = PBXNativeTarget;
			buildConfigurationList = 7A779E3E2E9AE7E600A1DFC7 /* Build configuration list for PBXNativeTarget "CortexUITests" */;
			buildPhases = (
				7A779E2A2E9AE7E600A1DFC7 /* Sources */,
				7A779E2B2E9AE7E600A1DFC7 /* Frameworks */,
				7A779E2C2E9AE7E600A1DFC7 /* Resources */,
			);
			buildRules = (
			);
			dependencies = (
				7A779E302E9AE7E600A1DFC7 /* PBXTargetDependency */,
			);
			fileSystemSynchronizedGroups = (
				7A779E312E9AE7E600A1DFC7 /* CortexUITests */,
			);
			name = CortexUITests;
			packageProductDependencies = (
			);
			productName = CortexUITests;
			productReference = 7A779E2E2E9AE7E600A1DFC7 /* CortexUITests.xctest */;
			productType = "com.apple.product-type.bundle.ui-testing";
		};
/* End PBXNativeTarget section */

/* Begin PBXProject section */
		7A779E0C2E9AE7E500A1DFC7 /* Project object */ = {
			isa = PBXProject;
			attributes = {
				BuildIndependentTargetsInParallel = 1;
				LastSwiftUpdateCheck = 1630;
				LastUpgradeCheck = 1630;
				TargetAttributes = {
					7A779E132E9AE7E500A1DFC7 = {
						CreatedOnToolsVersion = 16.3;
					};
					7A779E232E9AE7E600A1DFC7 = {
						CreatedOnToolsVersion = 16.3;
						TestTargetID = 7A779E132E9AE7E500A1DFC7;
					};
					7A779E2D2E9AE7E600A1DFC7 = {
						CreatedOnToolsVersion = 16.3;
						TestTargetID = 7A779E132E9AE7E500A1DFC7;
					};
				};
			};
			buildConfigurationList = 7A779E0F2E9AE7E500A1DFC7 /* Build configuration list for PBXProject "Cortex" */;
			developmentRegion = en;
			hasScannedForEncodings = 0;
			knownRegions = (
				en,
				Base,
			);
			mainGroup = 7A779E0B2E9AE7E500A1DFC7;
			minimizedProjectReferenceProxies = 1;
			packageReferences = (
				7A7F08CB2F08CAD3002151A8 /* XCRemoteSwiftPackageReference "mlx-swift" */,
			);
			preferredProjectObjectVersion = 77;
			productRefGroup = 7A779E152E9AE7E500A1DFC7 /* Products */;
			projectDirPath = "";
			projectRoot = "";
			targets = (
				7A779E132E9AE7E500A1DFC7 /* Cortex */,
				7A779E232E9AE7E600A1DFC7 /* CortexTests */,
				7A779E2D2E9AE7E600A1DFC7 /* CortexUITests */,
			);
		};
/* End PBXProject section */

/* Begin PBXResourcesBuildPhase section */
		7A779E122E9AE7E500A1DFC7 /* Resources */ = {
			isa = PBXResourcesBuildPhase;
			buildActionMask = 2147483647;
			files = (
				7AC0347B2F2E8EAA009A9DA4 /* model.safetensors in Resources */,
				7AC0347C2F2E8EAA009A9DA4 /* vocab.json in Resources */,
				7AC0347D2F2E8EAA009A9DA4 /* added_tokens.json in Resources */,
				7AC0347E2F2E8EAA009A9DA4 /* merges.txt in Resources */,
				7AC0347F2F2E8EAA009A9DA4 /* tokenizer.json in Resources */,
				7AC034802F2E8EAA009A9DA4 /* config.json in Resources */,
				7AC034812F2E8EAA009A9DA4 /* tokenizer_config.json in Resources */,
				7AC034822F2E8EAA009A9DA4 /* special_tokens_map.json in Resources */,
			);
			runOnlyForDeploymentPostprocessing = 0;
		};
		7A779E222E9AE7E600A1DFC7 /* Resources */ = {
			isa = PBXResourcesBuildPhase;
			buildActionMask = 2147483647;
			files = (
			);
			runOnlyForDeploymentPostprocessing = 0;
		};
		7A779E2C2E9AE7E600A1DFC7 /* Resources */ = {
			isa = PBXResourcesBuildPhase;
			buildActionMask = 2147483647;
			files = (
			);
			runOnlyForDeploymentPostprocessing = 0;
		};
/* End PBXResourcesBuildPhase section */

/* Begin PBXSourcesBuildPhase section */
		7A779E102E9AE7E500A1DFC7 /* Sources */ = {
			isa = PBXSourcesBuildPhase;
			buildActionMask = 2147483647;
			files = (
				7A779E592E9B069C00A1DFC7 /* fastvithd.mlpackage in Sources */,
			);
			runOnlyForDeploymentPostprocessing = 0;
		};
		7A779E202E9AE7E600A1DFC7 /* Sources */ = {
			isa = PBXSourcesBuildPhase;
			buildActionMask = 2147483647;
			files = (
			);
			runOnlyForDeploymentPostprocessing = 0;
		};
		7A779E2A2E9AE7E600A1DFC7 /* Sources */ = {
			isa = PBXSourcesBuildPhase;
			buildActionMask = 2147483647;
			files = (
			);
			runOnlyForDeploymentPostprocessing = 0;
		};
/* End PBXSourcesBuildPhase section */

/* Begin PBXTargetDependency section */
		7A779E262E9AE7E600A1DFC7 /* PBXTargetDependency */ = {
			isa = PBXTargetDependency;
			target = 7A779E132E9AE7E500A1DFC7 /* Cortex */;
			targetProxy = 7A779E252E9AE7E600A1DFC7 /* PBXContainerItemProxy */;
		};
		7A779E302E9AE7E600A1DFC7 /* PBXTargetDependency */ = {
			isa = PBXTargetDependency;
			target = 7A779E132E9AE7E500A1DFC7 /* Cortex */;
			targetProxy = 7A779E2F2E9AE7E600A1DFC7 /* PBXContainerItemProxy */;
		};
/* End PBXTargetDependency section */

/* Begin XCBuildConfiguration section */
		7A779E362E9AE7E600A1DFC7 /* Debug */ = {
			isa = XCBuildConfiguration;
			buildSettings = {
				ALWAYS_SEARCH_USER_PATHS = NO;
				ASSETCATALOG_COMPILER_GENERATE_SWIFT_ASSET_SYMBOL_EXTENSIONS = YES;
				CLANG_ANALYZER_NONNULL = YES;
				CLANG_ANALYZER_NUMBER_OBJECT_CONVERSION = YES_AGGRESSIVE;
				CLANG_CXX_LANGUAGE_STANDARD = "gnu++20";
				CLANG_ENABLE_MODULES = YES;
				CLANG_ENABLE_OBJC_ARC = YES;
				CLANG_ENABLE_OBJC_WEAK = YES;
				CLANG_WARN_BLOCK_CAPTURE_AUTORELEASING = YES;
				CLANG_WARN_BOOL_CONVERSION = YES;
				CLANG_WARN_COMMA = YES;
				CLANG_WARN_CONSTANT_CONVERSION = YES;
				CLANG_WARN_DEPRECATED_OBJC_IMPLEMENTATIONS = YES;
				CLANG_WARN_DIRECT_OBJC_ISA_USAGE = YES_ERROR;
				CLANG_WARN_DOCUMENTATION_COMMENTS = YES;
				CLANG_WARN_EMPTY_BODY = YES;
				CLANG_WARN_ENUM_CONVERSION = YES;
				CLANG_WARN_INFINITE_RECURSION = YES;
				CLANG_WARN_INT_CONVERSION = YES;
				CLANG_WARN_NON_LITERAL_NULL_CONVERSION = YES;
				CLANG_WARN_OBJC_IMPLICIT_RETAIN_SELF = YES;
				CLANG_WARN_OBJC_LITERAL_CONVERSION = YES;
				CLANG_WARN_OBJC_ROOT_CLASS = YES_ERROR;
				CLANG_WARN_QUOTED_INCLUDE_IN_FRAMEWORK_HEADER = YES;
				CLANG_WARN_RANGE_LOOP_ANALYSIS = YES;
				CLANG_WARN_STRICT_PROTOTYPES = YES;
				CLANG_WARN_SUSPICIOUS_MOVE = YES;
				CLANG_WARN_UNGUARDED_AVAILABILITY = YES_AGGRESSIVE;
				CLANG_WARN_UNREACHABLE_CODE = YES;
				CLANG_WARN__DUPLICATE_METHOD_MATCH = YES;
				COPY_PHASE_STRIP = NO;
				DEBUG_INFORMATION_FORMAT = dwarf;
				ENABLE_STRICT_OBJC_MSGSEND = YES;
				ENABLE_TESTABILITY = YES;
				ENABLE_USER_SCRIPT_SANDBOXING = YES;
				GCC_C_LANGUAGE_STANDARD = gnu17;
				GCC_DYNAMIC_NO_PIC = NO;
				GCC_NO_COMMON_BLOCKS = YES;
				GCC_OPTIMIZATION_LEVEL = 0;
				GCC_PREPROCESSOR_DEFINITIONS = (
					"DEBUG=1",
					"$(inherited)",
				);
				GCC_WARN_64_TO_32_BIT_CONVERSION = YES;
				GCC_WARN_ABOUT_RETURN_TYPE = YES_ERROR;
				GCC_WARN_UNDECLARED_SELECTOR = YES;
				GCC_WARN_UNINITIALIZED_AUTOS = YES_AGGRESSIVE;
				GCC_WARN_UNUSED_FUNCTION = YES;
				GCC_WARN_UNUSED_VARIABLE = YES;
				LOCALIZATION_PREFERS_STRING_CATALOGS = YES;
				MACOSX_DEPLOYMENT_TARGET = 15.4;
				MTL_ENABLE_DEBUG_INFO = INCLUDE_SOURCE;
				MTL_FAST_MATH = YES;
				ONLY_ACTIVE_ARCH = YES;
				SDKROOT = macosx;
				SWIFT_ACTIVE_COMPILATION_CONDITIONS = "DEBUG $(inherited)";
				SWIFT_OPTIMIZATION_LEVEL = "-Onone";
			};
			name = Debug;
		};
		7A779E372E9AE7E600A1DFC7 /* Release */ = {
			isa = XCBuildConfiguration;
			buildSettings = {
				ALWAYS_SEARCH_USER_PATHS = NO;
				ASSETCATALOG_COMPILER_GENERATE_SWIFT_ASSET_SYMBOL_EXTENSIONS = YES;
				CLANG_ANALYZER_NONNULL = YES;
				CLANG_ANALYZER_NUMBER_OBJECT_CONVERSION = YES_AGGRESSIVE;
				CLANG_CXX_LANGUAGE_STANDARD = "gnu++20";
				CLANG_ENABLE_MODULES = YES;
				CLANG_ENABLE_OBJC_ARC = YES;
				CLANG_ENABLE_OBJC_WEAK = YES;
				CLANG_WARN_BLOCK_CAPTURE_AUTORELEASING = YES;
				CLANG_WARN_BOOL_CONVERSION = YES;
				CLANG_WARN_COMMA = YES;
				CLANG_WARN_CONSTANT_CONVERSION = YES;
				CLANG_WARN_DEPRECATED_OBJC_IMPLEMENTATIONS = YES;
				CLANG_WARN_DIRECT_OBJC_ISA_USAGE = YES_ERROR;
				CLANG_WARN_DOCUMENTATION_COMMENTS = YES;
				CLANG_WARN_EMPTY_BODY = YES;
				CLANG_WARN_ENUM_CONVERSION = YES;
				CLANG_WARN_INFINITE_RECURSION = YES;
				CLANG_WARN_INT_CONVERSION = YES;
				CLANG_WARN_NON_LITERAL_NULL_CONVERSION = YES;
				CLANG_WARN_OBJC_IMPLICIT_RETAIN_SELF = YES;
				CLANG_WARN_OBJC_LITERAL_CONVERSION = YES;
				CLANG_WARN_OBJC_ROOT_CLASS = YES_ERROR;
				CLANG_WARN_QUOTED_INCLUDE_IN_FRAMEWORK_HEADER = YES;
				CLANG_WARN_RANGE_LOOP_ANALYSIS = YES;
				CLANG_WARN_STRICT_PROTOTYPES = YES;
				CLANG_WARN_SUSPICIOUS_MOVE = YES;
				CLANG_WARN_UNGUARDED_AVAILABILITY = YES_AGGRESSIVE;
				CLANG_WARN_UNREACHABLE_CODE = YES;
				CLANG_WARN__DUPLICATE_METHOD_MATCH = YES;
				COPY_PHASE_STRIP = NO;
				DEBUG_INFORMATION_FORMAT = "dwarf-with-dsym";
				ENABLE_NS_ASSERTIONS = NO;
				ENABLE_STRICT_OBJC_MSGSEND = YES;
				ENABLE_USER_SCRIPT_SANDBOXING = YES;
				GCC_C_LANGUAGE_STANDARD = gnu17;
				GCC_NO_COMMON_BLOCKS = YES;
				GCC_WARN_64_TO_32_BIT_CONVERSION = YES;
				GCC_WARN_ABOUT_RETURN_TYPE = YES_ERROR;
				GCC_WARN_UNDECLARED_SELECTOR = YES;
				GCC_WARN_UNINITIALIZED_AUTOS = YES_AGGRESSIVE;
				GCC_WARN_UNUSED_FUNCTION = YES;
				GCC_WARN_UNUSED_VARIABLE = YES;
				LOCALIZATION_PREFERS_STRING_CATALOGS = YES;
				MACOSX_DEPLOYMENT_TARGET = 15.4;
				MTL_ENABLE_DEBUG_INFO = NO;
				MTL_FAST_MATH = YES;
				SDKROOT = macosx;
				SWIFT_COMPILATION_MODE = wholemodule;
			};
			name = Release;
		};
		7A779E392E9AE7E600A1DFC7 /* Debug */ = {
			isa = XCBuildConfiguration;
			buildSettings = {
				ASSETCATALOG_COMPILER_APPICON_NAME = AppIcon;
				ASSETCATALOG_COMPILER_GLOBAL_ACCENT_COLOR_NAME = AccentColor;
				CODE_SIGN_ENTITLEMENTS = Cortex/Cortex.entitlements;
				CODE_SIGN_STYLE = Manual;
				COMBINE_HIDPI_IMAGES = YES;
				CURRENT_PROJECT_VERSION = 1;
				DEVELOPMENT_TEAM = "";
				ENABLE_PREVIEWS = YES;
				GENERATE_INFOPLIST_FILE = YES;
				INFOPLIST_KEY_NSHumanReadableCopyright = "";
				LD_RUNPATH_SEARCH_PATHS = (
					"$(inherited)",
					"@executable_path/../Frameworks",
				);
				MACOSX_DEPLOYMENT_TARGET = 14.0;
				MARKETING_VERSION = 1.0;
				PRODUCT_BUNDLE_IDENTIFIER = com.cortex.Cortex;
				PRODUCT_NAME = "$(TARGET_NAME)";
				PROVISIONING_PROFILE_SPECIFIER = "";
				REGISTER_APP_GROUPS = YES;
				SWIFT_EMIT_LOC_STRINGS = YES;
				SWIFT_VERSION = 5.0;
			};
			name = Debug;
		};
		7A779E3A2E9AE7E600A1DFC7 /* Release */ = {
			isa = XCBuildConfiguration;
			buildSettings = {
				ASSETCATALOG_COMPILER_APPICON_NAME = AppIcon;
				ASSETCATALOG_COMPILER_GLOBAL_ACCENT_COLOR_NAME = AccentColor;
				CODE_SIGN_ENTITLEMENTS = Cortex/Cortex.entitlements;
				CODE_SIGN_STYLE = Manual;
				COMBINE_HIDPI_IMAGES = YES;
				CURRENT_PROJECT_VERSION = 1;
				DEVELOPMENT_TEAM = "";
				ENABLE_PREVIEWS = YES;
				GENERATE_INFOPLIST_FILE = YES;
				INFOPLIST_KEY_NSHumanReadableCopyright = "";
				LD_RUNPATH_SEARCH_PATHS = (
					"$(inherited)",
					"@executable_path/../Frameworks",
				);
				MACOSX_DEPLOYMENT_TARGET = 14.0;
				MARKETING_VERSION = 1.0;
				PRODUCT_BUNDLE_IDENTIFIER = com.cortex.Cortex;
				PRODUCT_NAME = "$(TARGET_NAME)";
				PROVISIONING_PROFILE_SPECIFIER = "";
				REGISTER_APP_GROUPS = YES;
				SWIFT_EMIT_LOC_STRINGS = YES;
				SWIFT_VERSION = 5.0;
			};
			name = Release;
		};
		7A779E3C2E9AE7E600A1DFC7 /* Debug */ = {
			isa = XCBuildConfiguration;
			buildSettings = {
				BUNDLE_LOADER = "$(TEST_HOST)";
				CODE_SIGN_STYLE = Automatic;
				CURRENT_PROJECT_VERSION = 1;
				GENERATE_INFOPLIST_FILE = YES;
				MACOSX_DEPLOYMENT_TARGET = 14.0;
				MARKETING_VERSION = 1.0;
				PRODUCT_BUNDLE_IDENTIFIER = com.cortex.CortexTests;
				PRODUCT_NAME = "$(TARGET_NAME)";
				SWIFT_EMIT_LOC_STRINGS = NO;
				SWIFT_VERSION = 5.0;
				TEST_HOST = "$(BUILT_PRODUCTS_DIR)/Cortex.app/$(BUNDLE_EXECUTABLE_FOLDER_PATH)/Cortex";
			};
			name = Debug;
		};
		7A779E3D2E9AE7E600A1DFC7 /* Release */ = {
			isa = XCBuildConfiguration;
			buildSettings = {
				BUNDLE_LOADER = "$(TEST_HOST)";
				CODE_SIGN_STYLE = Automatic;
				CURRENT_PROJECT_VERSION = 1;
				GENERATE_INFOPLIST_FILE = YES;
				MACOSX_DEPLOYMENT_TARGET = 14.0;
				MARKETING_VERSION = 1.0;
				PRODUCT_BUNDLE_IDENTIFIER = com.cortex.CortexTests;
				PRODUCT_NAME = "$(TARGET_NAME)";
				SWIFT_EMIT_LOC_STRINGS = NO;
				SWIFT_VERSION = 5.0;
				TEST_HOST = "$(BUILT_PRODUCTS_DIR)/Cortex.app/$(BUNDLE_EXECUTABLE_FOLDER_PATH)/Cortex";
			};
			name = Release;
		};
		7A779E3F2E9AE7E600A1DFC7 /* Debug */ = {
			isa = XCBuildConfiguration;
			buildSettings = {
				CODE_SIGN_STYLE = Automatic;
				CURRENT_PROJECT_VERSION = 1;
				GENERATE_INFOPLIST_FILE = YES;
				MARKETING_VERSION = 1.0;
				PRODUCT_BUNDLE_IDENTIFIER = com.cortex.CortexUITests;
				PRODUCT_NAME = "$(TARGET_NAME)";
				SWIFT_EMIT_LOC_STRINGS = NO;
				SWIFT_VERSION = 5.0;
				TEST_TARGET_NAME = Cortex;
			};
			name = Debug;
		};
		7A779E402E9AE7E600A1DFC7 /* Release */ = {
			isa = XCBuildConfiguration;
			buildSettings = {
				CODE_SIGN_STYLE = Automatic;
				CURRENT_PROJECT_VERSION = 1;
				GENERATE_INFOPLIST_FILE = YES;
				MARKETING_VERSION = 1.0;
				PRODUCT_BUNDLE_IDENTIFIER = com.cortex.CortexUITests;
				PRODUCT_NAME = "$(TARGET_NAME)";
				SWIFT_EMIT_LOC_STRINGS = NO;
				SWIFT_VERSION = 5.0;
				TEST_TARGET_NAME = Cortex;
			};
			name = Release;
		};
/* End XCBuildConfiguration section */

/* Begin XCConfigurationList section */
		7A779E0F2E9AE7E500A1DFC7 /* Build configuration list for PBXProject "Cortex" */ = {
			isa = XCConfigurationList;
			buildConfigurations = (
				7A779E362E9AE7E600A1DFC7 /* Debug */,
				7A779E372E9AE7E600A1DFC7 /* Release */,
			);
			defaultConfigurationIsVisible = 0;
			defaultConfigurationName = Release;
		};
		7A779E382E9AE7E600A1DFC7 /* Build configuration list for PBXNativeTarget "Cortex" */ = {
			isa = XCConfigurationList;
			buildConfigurations = (
				7A779E392E9AE7E600A1DFC7 /* Debug */,
				7A779E3A2E9AE7E600A1DFC7 /* Release */,
			);
			defaultConfigurationIsVisible = 0;
			defaultConfigurationName = Release;
		};
		7A779E3B2E9AE7E600A1DFC7 /* Build configuration list for PBXNativeTarget "CortexTests" */ = {
			isa = XCConfigurationList;
			buildConfigurations = (
				7A779E3C2E9AE7E600A1DFC7 /* Debug */,
				7A779E3D2E9AE7E600A1DFC7 /* Release */,
			);
			defaultConfigurationIsVisible = 0;
			defaultConfigurationName = Release;
		};
		7A779E3E2E9AE7E600A1DFC7 /* Build configuration list for PBXNativeTarget "CortexUITests" */ = {
			isa = XCConfigurationList;
			buildConfigurations = (
				7A779E3F2E9AE7E600A1DFC7 /* Debug */,
				7A779E402E9AE7E600A1DFC7 /* Release */,
			);
			defaultConfigurationIsVisible = 0;
			defaultConfigurationName = Release;
		};
/* End XCConfigurationList section */

/* Begin XCRemoteSwiftPackageReference section */
		7A7F08CB2F08CAD3002151A8 /* XCRemoteSwiftPackageReference "mlx-swift" */ = {
			isa = XCRemoteSwiftPackageReference;
			repositoryURL = "https://github.com/ml-explore/mlx-swift";
			requirement = {
				kind = upToNextMajorVersion;
				minimumVersion = 0.29.1;
			};
		};
/* End XCRemoteSwiftPackageReference section */

/* Begin XCSwiftPackageProductDependency section */
		7A7F08CC2F08CAD3002151A8 /* MLX */ = {
			isa = XCSwiftPackageProductDependency;
			package = 7A7F08CB2F08CAD3002151A8 /* XCRemoteSwiftPackageReference "mlx-swift" */;
			productName = MLX;
		};
		7A7F08CE2F08CAD3002151A8 /* MLXNN */ = {
			isa = XCSwiftPackageProductDependency;
			package = 7A7F08CB2F08CAD3002151A8 /* XCRemoteSwiftPackageReference "mlx-swift" */;
			productName = MLXNN;
		};
		7A7F08D02F08CAD3002151A8 /* MLXRandom */ = {
			isa = XCSwiftPackageProductDependency;
			package = 7A7F08CB2F08CAD3002151A8 /* XCRemoteSwiftPackageReference "mlx-swift" */;
			productName = MLXRandom;
		};
/* End XCSwiftPackageProductDependency section */
	};
	rootObject = 7A779E0C2E9AE7E500A1DFC7 /* Project object */;
}
